version = 1
revision = 3
requires-python = ">=3.13, <3.15"
resolution-markers = [
    "python_full_version >= '3.14'",
    "python_full_version < '3.14'",
]

[[package]]
name = "click"
version = "8.4.2"
source = { registry = "https://pypi.org/simple" }
dependencies = [
    { name = "colorama", marker = "sys_platform == 'win32'" },
]
sdist = { url = "https://files.pythonhosted.org/packages/76/d4/81420972a676e8ffea40450d8c8c92943e7218a78fe9b64359836cc9876b/click-8.4.2.tar.gz", hash = "sha256:9a6cea6e60b17ebe0a44c5cc636d94f09bd66142c1cd7d8b4cd731c4917a15f6", size = 338000, upload-time = "2026-06-24T17:45:15.148Z" }
wheels = [
    { url = "https://files.pythonhosted.org/packages/fb/e2/79c688af8b210d232694e31e59da9f6ec747bae31c3f5946e4e9b98860d5/click-8.4.2-py3-none-any.whl", hash = "sha256:e6f9f66136c816745b9d65817da91d61d957fb16e02e4dcd0552553c5a197b76", size = 119243, upload-time = "2026-06-24T17:45:13.73Z" },
]

[[package]]
name = "colorama"
version = "0.4.6"
source = { registry = "https://pypi.org/simple" }
sdist = { url = "https://files.pythonhosted.org/packages/d8/53/6f443c9a4a8358a93a6792e2acffb9d9d5cb0a5cfd8802644b7b1c9a02e4/colorama-0.4.6.tar.gz", hash = "sha256:08695f5cb7ed6e0531a20572697297273c47b8cae5a63ffc6d6ed5c201be6e44", size = 27697, upload-time = "2022-10-25T02:36:22.414Z" }
wheels = [
    { url = "https://files.pythonhosted.org/packages/d1/d6/3965ed04c63042e047cb6a3e6ed1a63a35087b6a609aa3a15ed8ac56c221/colorama-0.4.6-py2.py3-none-any.whl", hash = "sha256:4f1d9991f5acc0ca119f9d443620b77f9d6b33703e51011c16baf57afb285fc6", size = 25335, upload-time = "2022-10-25T02:36:20.889Z" },
]

[[package]]
name = "markdown-it-py"
version = "4.2.0"
source = { registry = "https://pypi.org/simple" }
dependencies = [
    { name = "mdurl" },
]
sdist = { url = "https://files.pythonhosted.org/packages/06/ff/7841249c247aa650a76b9ee4bbaeae59370dc8bfd2f6c01f3630c35eb134/markdown_it_py-4.2.0.tar.gz", hash = "sha256:04a21681d6fbb623de53f6f364d352309d4094dd4194040a10fd51833e418d49", size = 82454, upload-time = "2026-05-07T12:08:28.36Z" }
wheels = [
    { url = "https://files.pythonhosted.org/packages/b3/81/4da04ced5a082363ecfa159c010d200ecbd959ae410c10c0264a38cac0f5/markdown_it_py-4.2.0-py3-none-any.whl", hash = "sha256:9f7ebbcd14fe59494226453aed97c1070d83f8d24b6fc3a3bcf9a38092641c4a", size = 91687, upload-time = "2026-05-07T12:08:27.182Z" },
]

[[package]]
name = "mdurl"
version = "0.1.2"
source = { registry = "https://pypi.org/simple" }
sdist = { url = "https://files.pythonhosted.org/packages/d6/54/cfe61301667036ec958cb99bd3efefba235e65cdeb9c84d24a8293ba1d90/mdurl-0.1.2.tar.gz", hash = "sha256:bb413d29f5eea38f31dd4754dd7377d4465116fb207585f97bf925588687c1ba", size = 8729, upload-time = "2022-08-14T12:40:10.846Z" }
wheels = [
    { url = "https://files.pythonhosted.org/packages/b3/38/89ba8ad64ae25be8de66a6d463314cf1eb366222074cfda9ee839c56a4b4/mdurl-0.1.2-py3-none-any.whl", hash = "sha256:84008a41e51615a49fc9966191ff91509e3c40b939176e643fd50a5c2196b8f8", size = 9979, upload-time = "2022-08-14T12:40:09.779Z" },
]

[[package]]
name = "pygments"
version = "2.20.0"
source = { registry = "https://pypi.org/simple" }
sdist = { url = "https://files.pythonhosted.org/packages/c3/b2/bc9c9196916376152d655522fdcebac55e66de6603a76a02bca1b6414f6c/pygments-2.20.0.tar.gz", hash = "sha256:6757cd03768053ff99f3039c1a36d6c0aa0b263438fcab17520b30a303a82b5f", size = 4955991, upload-time = "2026-03-29T13:29:33.898Z" }
wheels = [
    { url = "https://files.pythonhosted.org/packages/f4/7e/a72dd26f3b0f4f2bf1dd8923c85f7ceb43172af56d63c7383eb62b332364/pygments-2.20.0-py3-none-any.whl", hash = "sha256:81a9e26dd42fd28a23a2d169d86d7ac03b46e2f8b59ed4698fb4785f946d0176", size = 1231151, upload-time = "2026-03-29T13:29:30.038Z" },
]

[[package]]
name = "pyjson5"
version = "2.0.1"
source = { registry = "https://pypi.org/simple" }
sdist = { url = "https://files.pythonhosted.org/packages/f1/9a/3db19560e968d6e85b2a4ddf4b949c6ebf9dd1dcfb5a9f37736f8adeb927/pyjson5-2.0.1.tar.gz", hash = "sha256:a5b0e322e847b198a50d8a1ef16d6b2b19129644dc018d76773e81ef1487ca39", size = 352242, upload-time = "2026-05-15T16:12:54.931Z" }
wheels = [
    { url = "https://files.pythonhosted.org/packages/93/2c/0619f89a9576f335ba63eb851e73ba507480a8c7f28a2e7de2501ed3d303/pyjson5-2.0.1-cp313-cp313-macosx_10_13_universal2.whl", hash = "sha256:8a661d292801b38434d5288bf7329f9b50b3a693b1d2941c7595175842692eba", size = 301821, upload-time = "2026-05-15T16:09:28.721Z" },
    { url = "https://files.pythonhosted.org/packages/91/31/7824913ec71e7421d6a57bc06228f3e2d946d8e8f738f898572dded0dc57/pyjson5-2.0.1-cp313-cp313-macosx_10_13_x86_64.whl", hash = "sha256:1cb5c1c066038ce6e1922d9d5be23f5cd14d5b5a3c96e6358aa5d0e379014a93", size = 158201, upload-time = "2026-05-15T16:09:30.261Z" },
    { url = "https://files.pythonhosted.org/packages/bc/7d/4ddb249563a838425242342d2cf67976ccc292a831b543a92fa1a8a83b11/pyjson5-2.0.1-cp313-cp313-macosx_11_0_arm64.whl", hash = "sha256:7417eab751817fa5f070e41975d9df4aec3532d21389073318161f63cd96d636", size = 153244, upload-time = "2026-05-15T16:09:32.04Z" },
    { url = "https://files.pythonhosted.org/packages/02/39/7622416ac0570d9ce377447bd5b2ec9383c1282e63cc6d0b65779f1336fa/pyjson5-2.0.1-cp313-cp313-manylinux1_i686.manylinux_2_28_i686.manylinux_2_5_i686.whl", hash = "sha256:cc4802093b4ab9039367774988486fd04754cf416c32aebf94a94bafd8b8a478", size = 185568, upload-time = "2026-05-15T16:09:33.719Z" },
    { url = "https://files.pythonhosted.org/packages/d8/90/2f317da231477b77481020d79c73bbe10625e4925ceeae77603726ef1763/pyjson5-2.0.1-cp313-cp313-manylinux2014_aarch64.manylinux_2_17_aarch64.manylinux_2_28_aarch64.whl", hash = "sha256:bc3181274ed19ecb2315cf85a499bf83002554f42c72453666c616059d665a7b", size = 163169, upload-time = "2026-05-15T16:09:34.865Z" },
    { url = "https://files.pythonhosted.org/packages/02/b3/20023c3cfe2f2c2523007d7031b5b7ad7ccd8856d2665547683cebaa6f8e/pyjson5-2.0.1-cp313-cp313-manylinux2014_armv7l.manylinux_2_17_armv7l.manylinux_2_31_armv7l.whl", hash = "sha256:5398306b8aa253e620af9ed8085767de9cd28d6846da45e535e80fcffa9f33d7", size = 166514, upload-time = "2026-05-15T16:09:36.383Z" },
    { url = "https://files.pythonhosted.org/packages/e2/1c/b863e502153477b2845a54b688b72436457aca5107b300fca95e98184551/pyjson5-2.0.1-cp313-cp313-manylinux2014_ppc64le.manylinux_2_17_ppc64le.manylinux_2_28_ppc64le.whl", hash = "sha256:b97b592287d52a6ec5af84dca94aab02b185f72f8ddb6fc99c58efb8891be5cd", size = 179907, upload-time = "2026-05-15T16:09:38.166Z" },
    { url = "https://files.pythonhosted.org/packages/fc/b2/413fcb76632e5f6fa89a2ec83976755b5bb4696c6d9eca9ff3c70cd717b6/pyjson5-2.0.1-cp313-cp313-manylinux2014_s390x.manylinux_2_17_s390x.manylinux_2_28_s390x.whl", hash = "sha256:4efbf5e910a3aa6f330a92d1ae940dda5ed662976ed5056526baaf2e1821f95d", size = 187171, upload-time = "2026-05-15T16:09:39.624Z" },
    { url = "https://files.pythonhosted.org/packages/d6/11/66151b819407ab589aef36582038257f1ef42dc065e3423b3d8274f4fcd2/pyjson5-2.0.1-cp313-cp313-manylinux2014_x86_64.manylinux_2_17_x86_64.manylinux_2_28_x86_64.whl", hash = "sha256:0e042f9b869e7f21d5f53a2638e5d0cf1daaba2342127c8777c502daf972602e", size = 175564, upload-time = "2026-05-15T16:09:41.356Z" },
    { url = "https://files.pythonhosted.org/packages/f2/98/deb70690dab994474ea527cba91f43ae55928bcff498c441e812b60fc1e2/pyjson5-2.0.1-cp313-cp313-manylinux_2_31_riscv64.manylinux_2_39_riscv64.whl", hash = "sha256:26074370d7a6dd38b6e8c28a2f10c790fc6dec938ec22ec3de6c93c97d195f10", size = 171530, upload-time = "2026-05-15T16:09:42.78Z" },
    { url = "https://files.pythonhosted.org/packages/a9/be/969752a3a052d00698b6e1dd926c627d7a6475a7c8dd390db148363544f8/pyjson5-2.0.1-cp313-cp313-musllinux_1_2_aarch64.whl", hash = "sha256:3cb163a495096716a7a01d052b60bda0308ecfaeddcb2d50a247ba9d707e3e40", size = 1145510, upload-time = "2026-05-15T16:09:45.005Z" },
    { url = "https://files.pythonhosted.org/packages/d0/be/4c5c92cdda5a911ee4450a74281782335e7ce6715638308322beb96be639/pyjson5-2.0.1-cp313-cp313-musllinux_1_2_armv7l.whl", hash = "sha256:5fdd66bdddc2d53421ab7427bedcd2ca9b2f1b4b3b464381aa60d305c94be38c", size = 1010114, upload-time = "2026-05-15T16:09:47.081Z" },
    { url = "https://files.pythonhosted.org/packages/89/1e/72283bc505d77dcdab7eaeb0020cf0fd79a05d2991e886d1fcfa73e88ae1/pyjson5-2.0.1-cp313-cp313-musllinux_1_2_i686.whl", hash = "sha256:4ad222a3eff1cc93f9b70894c5f3d2ff5e46531e88feaa4818e329d5f3ae4307", size = 1322915, upload-time = "2026-05-15T16:09:48.885Z" },
    { url = "https://files.pythonhosted.org/packages/06/b4/94a09e744a6bb6e76108b61a28a7cc5ecab1b8105cacde7548359b3b74a3/pyjson5-2.0.1-cp313-cp313-musllinux_1_2_ppc64le.whl", hash = "sha256:63f5cf25113dd1bf3bfeda211d99413e58ec6b9036ff34f7b69f85f23695e9c4", size = 1240126, upload-time = "2026-05-15T16:09:50.638Z" },
    { url = "https://files.pythonhosted.org/packages/af/29/4549380cae425ee112f3c154606c35f5211c12ddf415f079c2b23f2d493b/pyjson5-2.0.1-cp313-cp313-musllinux_1_2_riscv64.whl", hash = "sha256:b0001eecce9080e6c170e978786501e8931e2075a3d15f5260e1bdd6a45e8976", size = 1178022, upload-time = "2026-05-15T16:09:52.639Z" },
    { url = "https://files.pythonhosted.org/packages/1c/1a/5a8a869e855645858e45dbd077204cec3a85b2f2e669bc3c8cefe9c4a70e/pyjson5-2.0.1-cp313-cp313-musllinux_1_2_s390x.whl", hash = "sha256:40371c73cc83ed81914028786a6cc5950bdf300ae82443df83a5dfa80c582fca", size = 1355161, upload-time = "2026-05-15T16:09:55.177Z" },
    { url = "https://files.pythonhosted.org/packages/82/32/827066cd946447648275a892f494f4572d78e6a79d877fa6b6c14af599d8/pyjson5-2.0.1-cp313-cp313-musllinux_1_2_x86_64.whl", hash = "sha256:c9dca542eeb6e8fbbc1fe3373bfd18ae6250f1aedc78f39242ac12c8837091b8", size = 1208864, upload-time = "2026-05-15T16:09:56.919Z" },
    { url = "https://files.pythonhosted.org/packages/2d/cc/a9bc12aff47d8bfd3074a21e3fb056ec0028fac28f8ec7e0fe4449d050f5/pyjson5-2.0.1-cp313-cp313-win32.whl", hash = "sha256:d30c8b2c91d530be475a8fab6dde8c3bcd3e89b999c9e0f05aec2bf2c24b0638", size = 115461, upload-time = "2026-05-15T16:10:30.711Z" },
    { url = "https://files.pythonhosted.org/packages/c9/c7/fa3fc956fbc3fa6250c8b99ef75a8f52b691780fca1bfb368340283bd898/pyjson5-2.0.1-cp313-cp313-win_amd64.whl", hash = "sha256:67f8f5b8d3e3b2ca5f618c928729986aa00fb588c476c0d0d3a151633ff41e0d", size = 135836, upload-time = "2026-05-15T16:10:32.062Z" },
    { url = "https://files.pythonhosted.org/packages/f0/0a/e457b20d1e36a766d3ccd09c418b7ef41acabb679ff2248bb1cd38247ce6/pyjson5-2.0.1-cp313-cp313-win_arm64.whl", hash = "sha256:bdf30ce5b1242f63254d936b30af75cae237fab0ee71cc2544163c82b6bc9201", size = 116652, upload-time = "2026-05-15T16:10:33.39Z" },
    { url = "https://files.pythonhosted.org/packages/2b/4c/6266789e615576b62d2db6de26a3b4b8f4cc7a8ff23fe24e48363bca1682/pyjson5-2.0.1-cp313-cp313t-macosx_10_13_universal2.whl", hash = "sha256:954c14d40022fa40e0d36e0ebd337e9e90fd71145592d25a0e2868344e3daca0", size = 320487, upload-time = "2026-05-15T16:09:58.38Z" },
    { url = "https://files.pythonhosted.org/packages/dc/75/c4a563034805e20b274fe4db963e1d480001931d88fe70b7d082033b7dcb/pyjson5-2.0.1-cp313-cp313t-macosx_10_13_x86_64.whl", hash = "sha256:f57529b98d21e8b76f8bc51af9d3c3057dd04a92287fd21ef7ec55255ca6f5c5", size = 166879, upload-time = "2026-05-15T16:09:59.849Z" },
    { url = "https://files.pythonhosted.org/packages/f3/d2/5e6ec3580379794e9a99a402465f74586e93e93814974172202d1254fa89/pyjson5-2.0.1-cp313-cp313t-macosx_11_0_arm64.whl", hash = "sha256:545b655ef0b59f39fc29e2b63b4dadd45e447ad77bad2fdca859ff4db69e21f5", size = 162235, upload-time = "2026-05-15T16:10:01.147Z" },
    { url = "https://files.pythonhosted.org/packages/5b/48/b2d0e868ef8375eb0696ddc74f71028fc4fcd26cdddaeb34485214f2dc87/pyjson5-2.0.1-cp313-cp313t-manylinux1_i686.manylinux_2_28_i686.manylinux_2_5_i686.whl", hash = "sha256:b519de49dd4cbf254179749e5c6bfe9bd8fd1f97e7755bff2e17cc6f79f85aa5", size = 182162, upload-time = "2026-05-15T16:10:02.523Z" },
    { url = "https://files.pythonhosted.org/packages/ce/18/fed02a3d68c3badb87394e8420b72d7cb165ade208c1e02561637409aa99/pyjson5-2.0.1-cp313-cp313t-manylinux2014_aarch64.manylinux_2_17_aarch64.manylinux_2_28_aarch64.whl", hash = "sha256:de48fbd0466c114c17f408be7bcbc5b3aedeb29ff5f73187022915e6d5eb7817", size = 169487, upload-time = "2026-05-15T16:10:03.876Z" },
    { url = "https://files.pythonhosted.org/packages/8b/90/dc897332dda24e949828616e8e74d7937b587a56789f3aca148fcadddde2/pyjson5-2.0.1-cp313-cp313t-manylinux2014_armv7l.manylinux_2_17_armv7l.manylinux_2_31_armv7l.whl", hash = "sha256:fe6516ff9ab94368c18ff8ac0ebdb53fac9e047da093d43e67d5e7cd98cdd0bf", size = 164128, upload-time = "2026-05-15T16:10:05.588Z" },
    { url = "https://files.pythonhosted.org/packages/39/09/90104baeab58adfe63bda804174ef1806b1cabb1692e047fabc2f4aa1799/pyjson5-2.0.1-cp313-cp313t-manylinux2014_ppc64le.manylinux_2_17_ppc64le.manylinux_2_28_ppc64le.whl", hash = "sha256:ea7aadacac7ac6661117b708175f6beff75e132322c08bbf3794d8ec4ba572b4", size = 184306, upload-time = "2026-05-15T16:10:06.986Z" },
    { url = "https://files.pythonhosted.org/packages/89/73/613efc3cdab5cf9ec399e6c5a0463b672e5f5cbd693a3a4d82cbdda19476/pyjson5-2.0.1-cp313-cp313t-manylinux2014_s390x.manylinux_2_17_s390x.manylinux_2_28_s390x.whl", hash = "sha256:e5c339bcac113dfc30a1f88f23af273d67bb6169abee1684c0dd27daa71a32f9", size = 192239, upload-time = "2026-05-15T16:10:08.727Z" },
    { url = "https://files.pythonhosted.org/packages/47/2a/17b97e02b37ab9353fc9713e56470be3d2539501ed18d6c676cfbcd0a57c/pyjson5-2.0.1-cp313-cp313t-manylinux2014_x86_64.manylinux_2_17_x86_64.manylinux_2_28_x86_64.whl", hash = "sha256:075de0f1e5e0ffee174a8941b5d9d8af632772a6e5eebe92fb0899db7f6ab7fa", size = 177652, upload-time = "2026-05-15T16:10:10.19Z" },
    { url = "https://files.pythonhosted.org/packages/1c/43/a05331ba88fd1aa09ca418548c6b06692e34b2a64b109bb363e01ecafdeb/pyjson5-2.0.1-cp313-cp313t-manylinux_2_31_riscv64.manylinux_2_39_riscv64.whl", hash = "sha256:c463c9bf508c1d316191898a3c0bfc03dd3de67bdc02f480b0742ac5c859eaeb", size = 174860, upload-time = "2026-05-15T16:10:11.976Z" },
    { url = "https://files.pythonhosted.org/packages/2e/00/5d253751f4d27b7e63fdfd765041593fa588395f45b9cea496878d964448/pyjson5-2.0.1-cp313-cp313t-musllinux_1_2_aarch64.whl", hash = "sha256:54427c8cad0c1a516bad5b4457167cde1e7ef7ee563e28a944f59b3c7413b6a0", size = 1151556, upload-time = "2026-05-15T16:10:13.608Z" },
    { url = "https://files.pythonhosted.org/packages/9c/f7/a30eed477295e92dfd59553063cf82bf510a7052efc7720c9c50d0082fdb/pyjson5-2.0.1-cp313-cp313t-musllinux_1_2_armv7l.whl", hash = "sha256:ca04839cecd364cb53de7ebcd81fd5915193707d968730ea1c8d4ff5c9c2f1a8", size = 1012330, upload-time = "2026-05-15T16:10:15.171Z" },
    { url = "https://files.pythonhosted.org/packages/9c/60/80818fad90a99336f8bfc686d76d0b2d7c8bb51e8de5d031620fa1a2d7a1/pyjson5-2.0.1-cp313-cp313t-musllinux_1_2_i686.whl", hash = "sha256:13a2de8b14aeb576b1623c8af419510bf871b8d9cc2308db41a46bcc94d00f2f", size = 1320970, upload-time = "2026-05-15T16:10:16.863Z" },
    { url = "https://files.pythonhosted.org/packages/7c/3f/090eb3e0971d067defb58bbfd738f74a09be495c6f4f00d5d76a10755bca/pyjson5-2.0.1-cp313-cp313t-musllinux_1_2_ppc64le.whl", hash = "sha256:c8a689f5252e9791bfbc8fa916999202556a1e8c7b24dfd72de1ad84c493e10a", size = 1244775, upload-time = "2026-05-15T16:10:19.416Z" },
    { url = "https://files.pythonhosted.org/packages/61/38/e7546ad733affe51a5462bad21bceb4fd659baf24930bd141627ce56279b/pyjson5-2.0.1-cp313-cp313t-musllinux_1_2_riscv64.whl", hash = "sha256:3dc0c2c80fd9d1e4c26f8b6c91a54d38b48648b93ae3f09355856c75fda3e460", size = 1182149, upload-time = "2026-05-15T16:10:21.696Z" },
    { url = "https://files.pythonhosted.org/packages/90/2c/016647580d8a82ee53b4cb9ddb96deb4b157ccea9624bba61de4aa2cd25c/pyjson5-2.0.1-cp313-cp313t-musllinux_1_2_s390x.whl", hash = "sha256:13d78b3e2c60b81bd7e6b00e6ab24a664ba1fd64b5d86baa65c4cdfae1fff7ae", size = 1358579, upload-time = "2026-05-15T16:10:23.649Z" },
    { url = "https://files.pythonhosted.org/packages/01/45/8b84ff7a0c4d8c12a76e097c67af62abe986a18d1ab2540764dd6eaa0253/pyjson5-2.0.1-cp313-cp313t-musllinux_1_2_x86_64.whl", hash = "sha256:a7b640dbeabbd7d975170f793f90a7500cc5d510aeae9364a1bc558bcc5336ed", size = 1211015, upload-time = "2026-05-15T16:10:25.4Z" },
    { url = "https://files.pythonhosted.org/packages/cf/48/d8f34de7a7319f5966bdfd10f133e689ba01f138d2040bf792f1ca8b18e1/pyjson5-2.0.1-cp313-cp313t-win32.whl", hash = "sha256:46e7c5525034fde8abf3aaf100ed7660c1b618ccd3205544ed7c99e4c55cf201", size = 131660, upload-time = "2026-05-15T16:10:26.747Z" },
    { url = "https://files.pythonhosted.org/packages/06/aa/0bd437252134115a846ffc061078c85f8e8c325c86abcaa862c134d3c57e/pyjson5-2.0.1-cp313-cp313t-win_amd64.whl", hash = "sha256:207c00e7f9641e0358bdc848a1c0610f26f2e8bd51d73bd64e5a0ab3b725f1d8", size = 157717, upload-time = "2026-05-15T16:10:28.053Z" },
    { url = "https://files.pythonhosted.org/packages/24/61/7849b04a0dc78f73905189400ac99c45de8eec2ec451ce9c6990fb3588e5/pyjson5-2.0.1-cp313-cp313t-win_arm64.whl", hash = "sha256:4917d5b6186bfa48ec4d85326e2a09769a5f7844963307ab2710429e1f743264", size = 126281, upload-time = "2026-05-15T16:10:29.378Z" },
    { url = "https://files.pythonhosted.org/packages/89/41/70aa1cb1fb0a3ac4c9b8cd405c0c85ba935c53fdfae6271b8eae364b92d1/pyjson5-2.0.1-cp314-cp314-macosx_10_15_universal2.whl", hash = "sha256:573fecd7cad4e24d232053f9ebf331c80fe1b0ed6e2064f7614797a7f691e7ca", size = 303706, upload-time = "2026-05-15T16:10:35.163Z" },
    { url = "https://files.pythonhosted.org/packages/0c/d9/caf44bf3d33b9502dc4b8ed5d0c7a8af8fbe33001e82414c0407f39f18bd/pyjson5-2.0.1-cp314-cp314-macosx_10_15_x86_64.whl", hash = "sha256:a8ade508a046a5407a322c098e3b7e6033216b158a7746eb8962b7a4cdbf9248", size = 158915, upload-time = "2026-05-15T16:10:36.496Z" },
    { url = "https://files.pythonhosted.org/packages/3f/94/f2bab1ce2eac8f77e16dcd0a1ba39de20733a84b9961c3504af0dd68bceb/pyjson5-2.0.1-cp314-cp314-macosx_11_0_arm64.whl", hash = "sha256:4635e349bb1d1f1e854dc790f14be31b6cb198d6453848e8d86818104074f805", size = 154199, upload-time = "2026-05-15T16:10:37.902Z" },
    { url = "https://files.pythonhosted.org/packages/82/c4/d94573ca37486af3d6a72f2582844d7d490d8e55639e0cfba371ce91442f/pyjson5-2.0.1-cp314-cp314-manylinux1_i686.manylinux_2_28_i686.manylinux_2_5_i686.whl", hash = "sha256:3d274697f81f143abac12ce256a06b61635c30d0f8cc11eefae7182655dac9a5", size = 186060, upload-time = "2026-05-15T16:10:39.603Z" },
    { url = "https://files.pythonhosted.org/packages/03/cc/c42e697def319b286fdcb912939c044cc94bd1cfc7338b6dbb566f817f29/pyjson5-2.0.1-cp314-cp314-manylinux2014_aarch64.manylinux_2_17_aarch64.manylinux_2_28_aarch64.whl", hash = "sha256:be4e2242e55a2651fd8696cfd67ec8e04f54f4ed6c089cceea2b63763a7516d8", size = 165796, upload-time = "2026-05-15T16:10:40.967Z" },
    { url = "https://files.pythonhosted.org/packages/3f/dd/f22a5f0e619ef22b8e32520a91bd92f815d50f9ec2d67cfe5974eab9476c/pyjson5-2.0.1-cp314-cp314-manylinux2014_armv7l.manylinux_2_17_armv7l.manylinux_2_31_armv7l.whl", hash = "sha256:af855c680feaa39cae4a44914ee2863eeae1549f37ce58069c747b3d4803999a", size = 165262, upload-time = "2026-05-15T16:10:42.391Z" },
    { url = "https://files.pythonhosted.org/packages/99/8b/90e22ecb12d51ccdc68325b6b051002e6103cc4600a335d9ed13828acdd9/pyjson5-2.0.1-cp314-cp314-manylinux2014_ppc64le.manylinux_2_17_ppc64le.manylinux_2_28_ppc64le.whl", hash = "sha256:bb769d90516da904e6cf0ba58f3d5830f4a5804486b5e85c5ca42ba3146d187a", size = 181608, upload-time = "2026-05-15T16:10:43.914Z" },
    { url = "https://files.pythonhosted.org/packages/e0/ab/237f9036eed73e08cf8861466d3d1182ef1c88506bd29955740dcadb24ff/pyjson5-2.0.1-cp314-cp314-manylinux2014_s390x.manylinux_2_17_s390x.manylinux_2_28_s390x.whl", hash = "sha256:6484c14e07aa46abeb3cb2ff0204a765260763ad7cf3f87f601f26b20ed607f3", size = 189582, upload-time = "2026-05-15T16:10:45.367Z" },
    { url = "https://files.pythonhosted.org/packages/c4/3d/3df8d5f003910a9291e5f04fa178f626e3c8553a5986dc62589ca74195ff/pyjson5-2.0.1-cp314-cp314-manylinux2014_x86_64.manylinux_2_17_x86_64.manylinux_2_28_x86_64.whl", hash = "sha256:cc03673adb544324500d79b2acfe2ced038998b2aceb564d335de9cc238cbdb0", size = 176321, upload-time = "2026-05-15T16:10:47.134Z" },
    { url = "https://files.pythonhosted.org/packages/c0/d9/a458a54f780bafec1b44ee3c27cb3007a83fb7bd4f1c17ac6bf519fd6151/pyjson5-2.0.1-cp314-cp314-manylinux_2_31_riscv64.manylinux_2_39_riscv64.whl", hash = "sha256:5d714daf784bec2e14fc06c0c26e4a373a6157eaeddaed2d5a7b7b6ae2aabc33", size = 171956, upload-time = "2026-05-15T16:10:49.174Z" },
    { url = "https://files.pythonhosted.org/packages/78/d8/1010e0147c8862dc0881cf3656364d3d87a5e336d290fe4cb0b92223e14c/pyjson5-2.0.1-cp314-cp314-musllinux_1_2_aarch64.whl", hash = "sha256:5cf3ded356730e08b5941a16db6525efc0de26f35468ab09ad573056c4efc6e5", size = 1147679, upload-time = "2026-05-15T16:10:51.005Z" },
    { url = "https://files.pythonhosted.org/packages/19/2f/91c8d8cdb4a2e4bbe8f14b9b57d717988e14830f2ed4a4f08d503cb5edde/pyjson5-2.0.1-cp314-cp314-musllinux_1_2_armv7l.whl", hash = "sha256:cc00d4669fb4170c28b2c9ed3cd1c2af9f21727c55d6866030cc154f31f68747", size = 1008216, upload-time = "2026-05-15T16:10:53.252Z" },
    { url = "https://files.pythonhosted.org/packages/d7/d7/25c3f8693660a35be7bb4eb71b0d10d9a6981e986723a4881d607f0c6462/pyjson5-2.0.1-cp314-cp314-musllinux_1_2_i686.whl", hash = "sha256:a77a91c2e019476345c03cde105da44100daaabc3fa56f82f2bd9eb2ebbcb698", size = 1323856, upload-time = "2026-05-15T16:10:55.517Z" },
    { url = "https://files.pythonhosted.org/packages/c8/25/82f0f83556ff68ec0ca1129ba9afeb14149cd421dc74823cdf10c209c95c/pyjson5-2.0.1-cp314-cp314-musllinux_1_2_ppc64le.whl", hash = "sha256:9ae54e5d717982cb7a082c700ab1f7f965c6aedea6fcb003ec4bdeac4f02bf52", size = 1241860, upload-time = "2026-05-15T16:10:57.635Z" },
    { url = "https://files.pythonhosted.org/packages/c1/01/2c4695fc06a0f3f29041a875d3bb24f904c9ae7b3d8dbfa1f8db17ce995c/pyjson5-2.0.1-cp314-cp314-musllinux_1_2_riscv64.whl", hash = "sha256:ce4f5b67b3a6fab623a31d83416b51a5b2c97cb172194f214078484bbb4783a6", size = 1178443, upload-time = "2026-05-15T16:10:59.398Z" },
    { url = "https://files.pythonhosted.org/packages/9a/ae/c10f534037b096aca21b90017ac9d41f791572dc3ec31fcd92db8ddcd256/pyjson5-2.0.1-cp314-cp314-musllinux_1_2_s390x.whl", hash = "sha256:f8d2e61f7bed0b40cfe5f62375581bf56d7b5b9707c9d74747b5931149d7d376", size = 1357739, upload-time = "2026-05-15T16:11:01.189Z" },
    { url = "https://files.pythonhosted.org/packages/0c/f0/655224f78ede087aa6a295c4745423e0104dd31f67928675b1a4cea72a0a/pyjson5-2.0.1-cp314-cp314-musllinux_1_2_x86_64.whl", hash = "sha256:2930140edd1a64eb42689993c5ae317bca2e6bc785b5dc5053bd5e9d184c98ad", size = 1209542, upload-time = "2026-05-15T16:11:03.364Z" },
    { url = "https://files.pythonhosted.org/packages/73/52/a7b2a26625136fcd0f92e17beaaae51e04923cc2e28502db354d4de061b4/pyjson5-2.0.1-cp314-cp314-win32.whl", hash = "sha256:51733f91dda897239ca10928f363ce6f4b5eadaf797e74477f6c1c3222c185a7", size = 118342, upload-time = "2026-05-15T16:11:40.009Z" },
    { url = "https://files.pythonhosted.org/packages/3a/8e/79db426fff3a41610076989d4060cc18a6508ebd3c7877155f6709eea102/pyjson5-2.0.1-cp314-cp314-win_amd64.whl", hash = "sha256:698c73aacff49ea35bbbf7f700a97785626201ea7aa2e1f1e0a4fe23788c3be2", size = 138408, upload-time = "2026-05-15T16:11:41.757Z" },
    { url = "https://files.pythonhosted.org/packages/c7/1b/385da14c05412bca15e86551dde91959686c8bddf7e78722bdc627fa6815/pyjson5-2.0.1-cp314-cp314-win_arm64.whl", hash = "sha256:d447e2e5756f89abfd0ad82d1438075bcbc701c1cc9279b43d24825aaac67356", size = 120905, upload-time = "2026-05-15T16:11:43.146Z" },
    { url = "https://files.pythonhosted.org/packages/dd/04/cd69739556d304d3ea48064ea7d47e5ff7321b0032d7ad78864bceaa0cae/pyjson5-2.0.1-cp314-cp314t-macosx_10_15_universal2.whl", hash = "sha256:5603be4f0cb9685d7c2cbd408ddec21b33f415252bee00ac7969f20b5789a1d1", size = 321150, upload-time = "2026-05-15T16:11:05.07Z" },
    { url = "https://files.pythonhosted.org/packages/84/d4/6d98268ed07a2cac1e79634fcd3dc280d2503ade5f3c465f7aa095951444/pyjson5-2.0.1-cp314-cp314t-macosx_10_15_x86_64.whl", hash = "sha256:87267520a256b3f2dba7f2995b745e8b3f2dd72bbf8436010a5191f7809f8ab6", size = 167540, upload-time = "2026-05-15T16:11:06.822Z" },
    { url = "https://files.pythonhosted.org/packages/c8/c6/8855a9462bdbc8306cba62793e23cc2952dfcbcbcab8e0413f570c891361/pyjson5-2.0.1-cp314-cp314t-macosx_11_0_arm64.whl", hash = "sha256:77e58307b74019d90aff9f2781bcffbbea3315b15fc814f8fa9b8d334b956ff4", size = 162533, upload-time = "2026-05-15T16:11:08.218Z" },
    { url = "https://files.pythonhosted.org/packages/a6/a3/1092f68538ee71ed8027393ab5e71aa9c4a114e493e30a55e46e34c2ffb9/pyjson5-2.0.1-cp314-cp314t-manylinux1_i686.manylinux_2_28_i686.manylinux_2_5_i686.whl", hash = "sha256:dd1712038837342dea73ed526883e53c6e85a158242b6f574b9ad9cdd3199c7f", size = 184165, upload-time = "2026-05-15T16:11:09.639Z" },
    { url = "https://files.pythonhosted.org/packages/46/63/bb9f42a4047284ea59064c134c88dfac3b7f5273e40fe548d6a086cea452/pyjson5-2.0.1-cp314-cp314t-manylinux2014_aarch64.manylinux_2_17_aarch64.manylinux_2_28_aarch64.whl", hash = "sha256:1dba36677c77aed5d680827c65478933705ca156a34838f1250ea191ffc27662", size = 170075, upload-time = "2026-05-15T16:11:11.105Z" },
    { url = "https://files.pythonhosted.org/packages/55/2a/0379aa5184e986d0f9af2919712c148d81928ce7d2d7950407e271b1df3b/pyjson5-2.0.1-cp314-cp314t-manylinux2014_armv7l.manylinux_2_17_armv7l.manylinux_2_31_armv7l.whl", hash = "sha256:04356d0c09e58907f60675d33859f269473479b90add5026231ef2fadba5207e", size = 164100, upload-time = "2026-05-15T16:11:12.909Z" },
    { url = "https://files.pythonhosted.org/packages/15/d5/2087af69695c28c7fe796afc73dec7f0b0b9bc123ec329e45928d58d4705/pyjson5-2.0.1-cp314-cp314t-manylinux2014_ppc64le.manylinux_2_17_ppc64le.manylinux_2_28_ppc64le.whl", hash = "sha256:b331a0fbe2ae26f4ccb88045ebaecc00aeeeab23ff858f9a2223cedd969ec6d6", size = 184674, upload-time = "2026-05-15T16:11:14.448Z" },
    { url = "https://files.pythonhosted.org/packages/2a/06/cf1b2744e07f1689cb0ac663e162a060b81cd358474754fe9f3bf02d5398/pyjson5-2.0.1-cp314-cp314t-manylinux2014_s390x.manylinux_2_17_s390x.manylinux_2_28_s390x.whl", hash = "sha256:5ca55878d923ba5764254ad1c020c22b33e6161b3555d1f457b8060f2b3c6c17", size = 193047, upload-time = "2026-05-15T16:11:15.969Z" },
    { url = "https://files.pythonhosted.org/packages/54/e6/a6b0deb6a3f393907c6d9115a7ac8e27557109204b56b05d3b57c51fc2ca/pyjson5-2.0.1-cp314-cp314t-manylinux2014_x86_64.manylinux_2_17_x86_64.manylinux_2_28_x86_64.whl", hash = "sha256:35e18d11e4c2034b78a664affe18c153a8efbf8872cf6bed7f12dc4fb819d440", size = 178712, upload-time = "2026-05-15T16:11:17.364Z" },
    { url = "https://files.pythonhosted.org/packages/6e/48/9e5c16daba56dfdb481baab85d1197e14ae3f403902fc23cdca14d14351b/pyjson5-2.0.1-cp314-cp314t-manylinux_2_31_riscv64.manylinux_2_39_riscv64.whl", hash = "sha256:b710a7489b6e134890eaa1fdb285e9644a1e730c1cfcf1cd90a87859b87a84a9", size = 175642, upload-time = "2026-05-15T16:11:18.781Z" },
    { url = "https://files.pythonhosted.org/packages/c3/32/f07d4dbd8cf733f9e3f3e9c9abedfbc23da1e5cfa7fed46aebae07ca6f25/pyjson5-2.0.1-cp314-cp314t-musllinux_1_2_aarch64.whl", hash = "sha256:08920c0dd6aba3fb6bc6c849e6f05731c5fb2716cd651de424ff60cdd12eae65", size = 1152219, upload-time = "2026-05-15T16:11:20.54Z" },
    { url = "https://files.pythonhosted.org/packages/01/9d/0ddbb89d381bc27f3740850d5d664c1f6f76620ad879ff5eb2506a4dfd6c/pyjson5-2.0.1-cp314-cp314t-musllinux_1_2_armv7l.whl", hash = "sha256:e166dadb3275025cff5ee8602131372a3ea171c6727b3fc6e44697348e3972c5", size = 1013305, upload-time = "2026-05-15T16:11:22.702Z" },
    { url = "https://files.pythonhosted.org/packages/bb/93/0f44886391dd2249ad9cf98c2deb3f26d1a115dd5a215629af7455765968/pyjson5-2.0.1-cp314-cp314t-musllinux_1_2_i686.whl", hash = "sha256:ea3c2b4e7b8e209e7f59bd6a925d79b69cd0a4ffa12f2df0c6af55514c8b2227", size = 1322840, upload-time = "2026-05-15T16:11:24.918Z" },
    { url = "https://files.pythonhosted.org/packages/d4/29/c478dc24dfcfc07e407ff8669df265ecc51fed5e7d47e51a01f17fd1c53f/pyjson5-2.0.1-cp314-cp314t-musllinux_1_2_ppc64le.whl", hash = "sha256:b710fc8ce00c984c8865131f05a8536163e1d3caffb9d081647879eca7424670", size = 1245221, upload-time = "2026-05-15T16:11:26.873Z" },
    { url = "https://files.pythonhosted.org/packages/e2/f0/5fef8c47c5b7052da79af6425a021040402a9a09b37c5687d91f98696a27/pyjson5-2.0.1-cp314-cp314t-musllinux_1_2_riscv64.whl", hash = "sha256:a9784d79275d1b06d95f2920c3f260ce5d3f6671f65a1fae1464f83fbfc834a0", size = 1182991, upload-time = "2026-05-15T16:11:29.258Z" },
    { url = "https://files.pythonhosted.org/packages/90/33/4d3a9d3159cdff1f1886d39f1991e6c8d5927f9b606cfc9743b5bef98c2a/pyjson5-2.0.1-cp314-cp314t-musllinux_1_2_s390x.whl", hash = "sha256:0ef86c53d0e14991b5b0fe58f225e3d8faec437aa0a70da4762525b6bc2fca10", size = 1359104, upload-time = "2026-05-15T16:11:31.651Z" },
    { url = "https://files.pythonhosted.org/packages/0f/04/20eb16c52453aea0af68a697f4058378c9ff871bd2f0bea28eb76ffe12f8/pyjson5-2.0.1-cp314-cp314t-musllinux_1_2_x86_64.whl", hash = "sha256:1d9faccf5a9e86f14104eec31c13428ef8baeb867182ce107e0c68fcc5c62477", size = 1212847, upload-time = "2026-05-15T16:11:33.767Z" },
    { url = "https://files.pythonhosted.org/packages/b9/a3/69bbe93275eafb7802a5b29230cc5c28f9b924c68d15b3ab2d43cfe19825/pyjson5-2.0.1-cp314-cp314t-win32.whl", hash = "sha256:2df497af7ab03cf82d9278a4707a83d0ae4e6d727f919a883b5ccec3f7d92650", size = 139137, upload-time = "2026-05-15T16:11:35.487Z" },
    { url = "https://files.pythonhosted.org/packages/48/45/b865ca6e0ae6887bc2b6b17cd123470ae43ac0fa04a2362d77d4b9f5bd43/pyjson5-2.0.1-cp314-cp314t-win_amd64.whl", hash = "sha256:3b31cf4f4a4f01800812865af3b02f6700cefb9377e4d9a9c6b78fdcf41fd973", size = 169412, upload-time = "2026-05-15T16:11:36.887Z" },
    { url = "https://files.pythonhosted.org/packages/68/55/02c734459fef0a955ab3e7e745df415d5f9fc873a4c288765f60f22fbc13/pyjson5-2.0.1-cp314-cp314t-win_arm64.whl", hash = "sha256:15f0d8baea89d35c6c01c60b944c778a79cac10f77f71b727f1b244e2c7a8ccb", size = 129061, upload-time = "2026-05-15T16:11:38.712Z" },
]

[[package]]
name = "pyodide-cli"
version = "0.5.0"
source = { registry = "https://pypi.org/simple" }
dependencies = [
    { name = "click" },
    { name = "rich" },
]
sdist = { url = "https://files.pythonhosted.org/packages/f1/44/fe74049e3e776bd56fae8bd9370900d6d6dc5e541299ae90cb2330a9a8a4/pyodide_cli-0.5.0.tar.gz", hash = "sha256:14df0797e791558b6976d4612f9df9619334f8914bfe3efbdd22e3886f5275b7", size = 12630, upload-time = "2026-01-28T03:29:06.623Z" }
wheels = [
    { url = "https://files.pythonhosted.org/packages/4a/07/76977bbd73c686df55fbc3685c6c336158dc11b2ba155abe3e3a802447b2/pyodide_cli-0.5.0-py3-none-any.whl", hash = "sha256:24c02736f1d6c99396f5e9330fd30bd98db88cf49ef059b62b025fa1f5f6e29c", size = 12684, upload-time = "2026-01-28T03:29:05.527Z" },
]

[[package]]
name = "pyodide-py"
version = "0.29.4"
source = { registry = "https://pypi.org/simple" }
resolution-markers = [
    "python_full_version < '3.14'",
]
sdist = { url = "https://files.pythonhosted.org/packages/57/85/db25e6a10a2600cb96e4ebe423ada255aa738b991fd8843776ebe4f3173f/pyodide_py-0.29.4.tar.gz", hash = "sha256:2ef83817457364fd1a3dc42bfd0617350244776c8b9f7e37f17efcbc38e3bf0a", size = 58868, upload-time = "2026-05-07T15:14:45.97Z" }
wheels = [
    { url = "https://files.pythonhosted.org/packages/b2/03/7805e80a7d9824b03fe40b1c7c4192250f1ea231ee49a57ada62f736c506/pyodide_py-0.29.4-py3-none-any.whl", hash = "sha256:5df0615640e39d3b365da8b8fd653ec0af5361aef28275ded2218af773d766d1", size = 66013, upload-time = "2026-05-07T15:14:44.637Z" },
]

[[package]]
name = "pyodide-py"
version = "314.0.2"
source = { registry = "https://pypi.org/simple" }
resolution-markers = [
    "python_full_version >= '3.14'",
]
sdist = { url = "https://files.pythonhosted.org/packages/2f/84/12371bb96ebb7f92ecb43460c392dbd48b167698322ced2f8faf15e1822c/pyodide_py-314.0.2.tar.gz", hash = "sha256:f8c0d248d1914b27cc6cd72c050e8fe53c221b6e591cf6707d903424fbf65cb7", size = 62318, upload-time = "2026-06-30T12:40:32.9Z" }
wheels = [
    { url = "https://files.pythonhosted.org/packages/66/e0/bd54f3f2dcea5be7748bb4efd7c9cb01ade9ecc234c4394ffd128cf1ca13/pyodide_py-314.0.2-py3-none-any.whl", hash = "sha256:efb152df0442f0440716b0213893543f8e576e97d4668c33997594b06277a789", size = 69939, upload-time = "2026-06-30T12:40:31.434Z" },
]

[[package]]
name = "rich"
version = "15.0.0"
source = { registry = "https://pypi.org/simple" }
dependencies = [
    { name = "markdown-it-py" },
    { name = "pygments" },
]
sdist = { url = "https://files.pythonhosted.org/packages/c0/8f/0722ca900cc807c13a6a0c696dacf35430f72e0ec571c4275d2371fca3e9/rich-15.0.0.tar.gz", hash = "sha256:edd07a4824c6b40189fb7ac9bc4c52536e9780fbbfbddf6f1e2502c31b068c36", size = 230680, upload-time = "2026-04-12T08:24:00.75Z" }
wheels = [
    { url = "https://files.pythonhosted.org/packages/82/3b/64d4899d73f91ba49a8c18a8ff3f0ea8f1c1d75481760df8c68ef5235bf5/rich-15.0.0-py3-none-any.whl", hash = "sha256:33bd4ef74232fb73fe9279a257718407f169c09b78a87ad3d296f548e27de0bb", size = 310654, upload-time = "2026-04-12T08:24:02.83Z" },
]

[[package]]
name = "sunsetter"
version = "2.0.0"
source = { virtual = "." }

[package.dev-dependencies]
dev = [
    { name = "workers-py" },
    { name = "workers-runtime-sdk" },
]

[package.metadata]

[package.metadata.requires-dev]
dev = [
    { name = "workers-py", specifier = ">=1.7.0" },
    { name = "workers-runtime-sdk", specifier = ">=0.3.0" },
]

[[package]]
name = "workers-py"
version = "1.15.0"
source = { registry = "https://pypi.org/simple" }
dependencies = [
    { name = "click" },
    { name = "pyjson5" },
    { name = "pyodide-cli" },
    { name = "pyodide-py", version = "0.29.4", source = { registry = "https://pypi.org/simple" }, marker = "python_full_version < '3.14'" },
    { name = "pyodide-py", version = "314.0.2", source = { registry = "https://pypi.org/simple" }, marker = "python_full_version >= '3.14'" },
    { name = "rich" },
    { name = "workers-runtime-sdk" },
]
sdist = { url = "https://files.pythonhosted.org/packages/79/da/a4bd0ac02c21420ae3eb610d67051b40634f21b8be51131271f4bb93759b/workers_py-1.15.0.tar.gz", hash = "sha256:0ffe5ffe313415b85a3fcda3afab84bf3649d894bfaded8990fe37e1979e11f2", size = 114340, upload-time = "2026-07-08T18:43:43.222Z" }
wheels = [
    { url = "https://files.pythonhosted.org/packages/34/27/e2767056ce43dba12f7c29189214b0966622b85cdf0bd6d8e3c569780ef7/workers_py-1.15.0-py3-none-any.whl", hash = "sha256:d017cd76067f94080bf77cce62d04bfa5655415fac2e1cada8f6384767c4c5b2", size = 16239, upload-time = "2026-07-08T18:43:42.059Z" },
]

[[package]]
name = "workers-runtime-sdk"
version = "1.6.3"
source = { registry = "https://pypi.org/simple" }
sdist = { url = "https://files.pythonhosted.org/packages/96/2e/c2cc2ff860de0902e6295019ea0b5381f6380304bb6e5261e8f12243b672/workers_runtime_sdk-1.6.3.tar.gz", hash = "sha256:b476c0111e7fdc266f1ba77ab546c21e9b77cf32fef8faa0079a0b67c26c8f57", size = 43261, upload-time = "2026-07-17T08:24:12.613Z" }
wheels = [
    { url = "https://files.pythonhosted.org/packages/b7/66/71a67674314fcc78709bfe6dc2ac6739d8411515afd3e532157376bd722d/workers_runtime_sdk-1.6.3-py3-none-any.whl", hash = "sha256:d0645a1a03c3422c8a9cac33577ae73c76f02d390df20261d4c11d60cff057f9", size = 32252, upload-time = "2026-07-17T08:24:11.372Z" },
]
